
Microsoft Visual Studio Solution File, Format Version 12.00
# Visual Studio Version 16
VisualStudioVersion = 16.0.30803.129
MinimumVisualStudioVersion = 10.0.40219.1
Project("{FAE04EC0-301F-11D3-BF4B-00C04F79EFBC}") = "AvaloniaMpv", "AvaloniaMpv\AvaloniaMpv.csproj", "{910336A4-FB29-41A3-8465-CDF53F972267}"
EndProject
Global
	GlobalSection(SolutionConfigurationPlatforms) = preSolution
		Debug|Any CPU = Debug|Any CPU
		Release|Any CPU = Release|Any CPU
	EndGlobalSection
	GlobalSection(ProjectConfigurationPlatforms) = postSolution
		{910336A4-FB29-41A3-8465-CDF53F972267}.Debug|Any CPU.ActiveCfg = Debug|Any CPU
		{910336A4-FB29-41A3-8465-CDF53F972267}.Debug|Any CPU.Build.0 = Debug|Any CPU
		{910336A4-FB29-41A3-8465-CDF53F972267}.Release|Any CPU.ActiveCfg = Release|Any CPU
		{910336A4-FB29-41A3-8465-CDF53F972267}.Release|Any CPU.Build.0 = Release|Any CPU
	EndGlobalSection
	GlobalSection(SolutionProperties) = preSolution
		HideSolutionNode = FALSE
	EndGlobalSection
	GlobalSection(ExtensibilityGlobals) = postSolution
		SolutionGuid = {0427C5B9-601D-42ED-B360-875EA6360CE1}
	EndGlobalSection
EndGlobal
